
Microsoft Visual Studio Solution File, Format Version 11.00
# Visual Studio 2010
Project("{FAE04EC0-301F-11D3-BF4B-00C04F79EFBC}") = "Assembly-CSharp", "Assembly-CSharp.csproj", "{DAEBD9BA-6FC9-5277-09B2-850C3762B8E5}"
EndProject
Global
	GlobalSection(SolutionConfigurationPlatforms) = preSolution
		Debug|Any CPU = Debug|Any CPU
		Release|Any CPU = Release|Any CPU
	EndGlobalSection
	GlobalSection(ProjectConfigurationPlatforms) = postSolution
		{DAEBD9BA-6FC9-5277-09B2-850C3762B8E5}.Debug|Any CPU.ActiveCfg = Debug|Any CPU
		{DAEBD9BA-6FC9-5277-09B2-850C3762B8E5}.Debug|Any CPU.Build.0 = Debug|Any CPU
		{DAEBD9BA-6FC9-5277-09B2-850C3762B8E5}.Release|Any CPU.ActiveCfg = Release|Any CPU
		{DAEBD9BA-6FC9-5277-09B2-850C3762B8E5}.Release|Any CPU.Build.0 = Release|Any CPU
	EndGlobalSection
	GlobalSection(SolutionProperties) = preSolution
		HideSolutionNode = FALSE
	EndGlobalSection
EndGlobal
